// !$*UTF8*$!
{
	archiveVersion = 1;
	classes = {
	};
	objectVersion = 48;
	objects = {

/* Begin PBXBuildFile section */
		F3602B4820112FCB00F9934F /* AppDelegate.swift in Sources */ = {isa = PBXBuildFile; fileRef = F3602B4720112FCB00F9934F /* AppDelegate.swift */; };
		F3602B4D20112FCC00F9934F /* Main.storyboard in Resources */ = {isa = PBXBuildFile; fileRef = F3602B4B20112FCC00F9934F /* Main.storyboard */; };
		F3602B4F20112FCC00F9934F /* Assets.xcassets in Resources */ = {isa = PBXBuildFile; fileRef = F3602B4E20112FCC00F9934F /* Assets.xcassets */; };
		F3602B5220112FCC00F9934F /* LaunchScreen.storyboard in Resources */ = {isa = PBXBuildFile; fileRef = F3602B5020112FCC00F9934F /* LaunchScreen.storyboard */; };
		F3602B5D20112FCC00F9934F /* PhotoramaTests.swift in Sources */ = {isa = PBXBuildFile; fileRef = F3602B5C20112FCC00F9934F /* PhotoramaTests.swift */; };
		F3602B6820112FCC00F9934F /* PhotoramaUITests.swift in Sources */ = {isa = PBXBuildFile; fileRef = F3602B6720112FCC00F9934F /* PhotoramaUITests.swift */; };
		F3602B7620112FEF00F9934F /* PhotosViewController.swift in Sources */ = {isa = PBXBuildFile; fileRef = F3602B7520112FEF00F9934F /* PhotosViewController.swift */; };
		F3602B78201133A900F9934F /* FlickrAPI.swift in Sources */ = {isa = PBXBuildFile; fileRef = F3602B77201133A900F9934F /* FlickrAPI.swift */; };
		F3602B7A2011471300F9934F /* PhotoStore.swift in Sources */ = {isa = PBXBuildFile; fileRef = F3602B792011471300F9934F /* PhotoStore.swift */; };
		F3602B7C201150D700F9934F /* Photo.swift in Sources */ = {isa = PBXBuildFile; fileRef = F3602B7B201150D700F9934F /* Photo.swift */; };
		F3602B7E20116ED800F9934F /* PhotoDataSource.swift in Sources */ = {isa = PBXBuildFile; fileRef = F3602B7D20116ED800F9934F /* PhotoDataSource.swift */; };
		F3602B802011715500F9934F /* PhotoCollectionViewCell.swift in Sources */ = {isa = PBXBuildFile; fileRef = F3602B7F2011715500F9934F /* PhotoCollectionViewCell.swift */; };
		F3602B8420117D7500F9934F /* ImageStore.swift in Sources */ = {isa = PBXBuildFile; fileRef = F3602B8320117D7500F9934F /* ImageStore.swift */; };
		F3602B8620117E4C00F9934F /* PhotoInfoViewController.swift in Sources */ = {isa = PBXBuildFile; fileRef = F3602B8520117E4C00F9934F /* PhotoInfoViewController.swift */; };
		F3602B892011825100F9934F /* Photorama.xcdatamodeld in Sources */ = {isa = PBXBuildFile; fileRef = F3602B872011825100F9934F /* Photorama.xcdatamodeld */; };
/* End PBXBuildFile section */

/* Begin PBXContainerItemProxy section */
		F3602B5920112FCC00F9934F /* PBXContainerItemProxy */ = {
			isa = PBXContainerItemProxy;
			containerPortal = F3602B3C20112FCB00F9934F /* Project object */;
			proxyType = 1;
			remoteGlobalIDString = F3602B4320112FCB00F9934F;
			remoteInfo = Photorama;
		};
		F3602B6420112FCC00F9934F /* PBXContainerItemProxy */ = {
			isa = PBXContainerItemProxy;
			containerPortal = F3602B3C20112FCB00F9934F /* Project object */;
			proxyType = 1;
			remoteGlobalIDString = F3602B4320112FCB00F9934F;
			remoteInfo = Photorama;
		};
/* End PBXContainerItemProxy section */

/* Begin PBXFileReference section */
		F3602B4420112FCB00F9934F /* Photorama.app */ = {isa = PBXFileReference; explicitFileType = wrapper.application; includeInIndex = 0; path = Photorama.app; sourceTree = BUILT_PRODUCTS_DIR; };
		F3602B4720112FCB00F9934F /* AppDelegate.swift */ = {isa = PBXFileReference; lastKnownFileType = sourcecode.swift; path = AppDelegate.swift; sourceTree = "<group>"; };
		F3602B4C20112FCC00F9934F /* Base */ = {isa = PBXFileReference; lastKnownFileType = file.storyboard; name = Base; path = Base.lproj/Main.storyboard; sourceTree = "<group>"; };
		F3602B4E20112FCC00F9934F /* Assets.xcassets */ = {isa = PBXFileReference; lastKnownFileType = folder.assetcatalog; path = Assets.xcassets; sourceTree = "<group>"; };
		F3602B5120112FCC00F9934F /* Base */ = {isa = PBXFileReference; lastKnownFileType = file.storyboard; name = Base; path = Base.lproj/LaunchScreen.storyboard; sourceTree = "<group>"; };
		F3602B5320112FCC00F9934F /* Info.plist */ = {isa = PBXFileReference; lastKnownFileType = text.plist.xml; path = Info.plist; sourceTree = "<group>"; };
		F3602B5820112FCC00F9934F /* PhotoramaTests.xctest */ = {isa = PBXFileReference; explicitFileType = wrapper.cfbundle; includeInIndex = 0; path = PhotoramaTests.xctest; sourceTree = BUILT_PRODUCTS_DIR; };
		F3602B5C20112FCC00F9934F /* PhotoramaTests.swift */ = {isa = PBXFileReference; lastKnownFileType = sourcecode.swift; path = PhotoramaTests.swift; sourceTree = "<group>"; };
		F3602B5E20112FCC00F9934F /* Info.plist */ = {isa = PBXFileReference; lastKnownFileType = text.plist.xml; path = Info.plist; sourceTree = "<group>"; };
		F3602B6320112FCC00F9934F /* PhotoramaUITests.xctest */ = {isa = PBXFileReference; explicitFileType = wrapper.cfbundle; includeInIndex = 0; path = PhotoramaUITests.xctest; sourceTree = BUILT_PRODUCTS_DIR; };
		F3602B6720112FCC00F9934F /* PhotoramaUITests.swift */ = {isa = PBXFileReference; lastKnownFileType = sourcecode.swift; path = PhotoramaUITests.swift; sourceTree = "<group>"; };
		F3602B6920112FCC00F9934F /* Info.plist */ = {isa = PBXFileReference; lastKnownFileType = text.plist.xml; path = Info.plist; sourceTree = "<group>"; };
		F3602B7520112FEF00F9934F /* PhotosViewController.swift */ = {isa = PBXFileReference; lastKnownFileType = sourcecode.swift; path = PhotosViewController.swift; sourceTree = "<group>"; };
		F3602B77201133A900F9934F /* FlickrAPI.swift */ = {isa = PBXFileReference; lastKnownFileType = sourcecode.swift; path = FlickrAPI.swift; sourceTree = "<group>"; };
		F3602B792011471300F9934F /* PhotoStore.swift */ = {isa = PBXFileReference; lastKnownFileType = sourcecode.swift; path = PhotoStore.swift; sourceTree = "<group>"; };
		F3602B7B201150D700F9934F /* Photo.swift */ = {isa = PBXFileReference; lastKnownFileType = sourcecode.swift; path = Photo.swift; sourceTree = "<group>"; };
		F3602B7D20116ED800F9934F /* PhotoDataSource.swift */ = {isa = PBXFileReference; lastKnownFileType = sourcecode.swift; path = PhotoDataSource.swift; sourceTree = "<group>"; };
		F3602B7F2011715500F9934F /* PhotoCollectionViewCell.swift */ = {isa = PBXFileReference; lastKnownFileType = sourcecode.swift; path = PhotoCollectionViewCell.swift; sourceTree = "<group>"; };
		F3602B8320117D7500F9934F /* ImageStore.swift */ = {isa = PBXFileReference; fileEncoding = 4; lastKnownFileType = sourcecode.swift; name = ImageStore.swift; path = ../Homepwner/ImageStore.swift; sourceTree = "<group>"; };
		F3602B8520117E4C00F9934F /* PhotoInfoViewController.swift */ = {isa = PBXFileReference; lastKnownFileType = sourcecode.swift; path = PhotoInfoViewController.swift; sourceTree = "<group>"; };
		F3602B882011825100F9934F /* Photorama.xcdatamodel */ = {isa = PBXFileReference; lastKnownFileType = wrapper.xcdatamodel; path = Photorama.xcdatamodel; sourceTree = "<group>"; };
/* End PBXFileReference section */

/* Begin PBXFrameworksBuildPhase section */
		F3602B4120112FCB00F9934F /* Frameworks */ = {
			isa = PBXFrameworksBuildPhase;
			buildActionMask = 2147483647;
			files = (
			);
			runOnlyForDeploymentPostprocessing = 0;
		};
		F3602B5520112FCC00F9934F /* Frameworks */ = {
			isa = PBXFrameworksBuildPhase;
			buildActionMask = 2147483647;
			files = (
			);
			runOnlyForDeploymentPostprocessing = 0;
		};
		F3602B6020112FCC00F9934F /* Frameworks */ = {
			isa = PBXFrameworksBuildPhase;
			buildActionMask = 2147483647;
			files = (
			);
			runOnlyForDeploymentPostprocessing = 0;
		};
/* End PBXFrameworksBuildPhase section */

/* Begin PBXGroup section */
		F3602B3B20112FCB00F9934F = {
			isa = PBXGroup;
			children = (
				F3602B7D20116ED800F9934F /* PhotoDataSource.swift */,
				F3602B7520112FEF00F9934F /* PhotosViewController.swift */,
				F3602B7F2011715500F9934F /* PhotoCollectionViewCell.swift */,
				F3602B8320117D7500F9934F /* ImageStore.swift */,
				F3602B8520117E4C00F9934F /* PhotoInfoViewController.swift */,
				F3602B872011825100F9934F /* Photorama.xcdatamodeld */,
				F3602B4620112FCB00F9934F /* Photorama */,
				F3602B5B20112FCC00F9934F /* PhotoramaTests */,
				F3602B6620112FCC00F9934F /* PhotoramaUITests */,
				F3602B4520112FCB00F9934F /* Products */,
			);
			sourceTree = "<group>";
		};
		F3602B4520112FCB00F9934F /* Products */ = {
			isa = PBXGroup;
			children = (
				F3602B4420112FCB00F9934F /* Photorama.app */,
				F3602B5820112FCC00F9934F /* PhotoramaTests.xctest */,
				F3602B6320112FCC00F9934F /* PhotoramaUITests.xctest */,
			);
			name = Products;
			sourceTree = "<group>";
		};
		F3602B4620112FCB00F9934F /* Photorama */ = {
			isa = PBXGroup;
			children = (
				F3602B4720112FCB00F9934F /* AppDelegate.swift */,
				F3602B4B20112FCC00F9934F /* Main.storyboard */,
				F3602B77201133A900F9934F /* FlickrAPI.swift */,
				F3602B792011471300F9934F /* PhotoStore.swift */,
				F3602B7B201150D700F9934F /* Photo.swift */,
				F3602B4E20112FCC00F9934F /* Assets.xcassets */,
				F3602B5020112FCC00F9934F /* LaunchScreen.storyboard */,
				F3602B5320112FCC00F9934F /* Info.plist */,
			);
			path = Photorama;
			sourceTree = "<group>";
		};
		F3602B5B20112FCC00F9934F /* PhotoramaTests */ = {
			isa = PBXGroup;
			children = (
				F3602B5C20112FCC00F9934F /* PhotoramaTests.swift */,
				F3602B5E20112FCC00F9934F /* Info.plist */,
			);
			path = PhotoramaTests;
			sourceTree = "<group>";
		};
		F3602B6620112FCC00F9934F /* PhotoramaUITests */ = {
			isa = PBXGroup;
			children = (
				F3602B6720112FCC00F9934F /* PhotoramaUITests.swift */,
				F3602B6920112FCC00F9934F /* Info.plist */,
			);
			path = PhotoramaUITests;
			sourceTree = "<group>";
		};
/* End PBXGroup section */

/* Begin PBXNativeTarget section */
		F3602B4320112FCB00F9934F /* Photorama */ = {
			isa = PBXNativeTarget;
			buildConfigurationList = F3602B6C20112FCC00F9934F /* Build configuration list for PBXNativeTarget "Photorama" */;
			buildPhases = (
				F3602B4020112FCB00F9934F /* Sources */,
				F3602B4120112FCB00F9934F /* Frameworks */,
				F3602B4220112FCB00F9934F /* Resources */,
			);
			buildRules = (
			);
			dependencies = (
			);
			name = Photorama;
			productName = Photorama;
			productReference = F3602B4420112FCB00F9934F /* Photorama.app */;
			productType = "com.apple.product-type.application";
		};
		F3602B5720112FCC00F9934F /* PhotoramaTests */ = {
			isa = PBXNativeTarget;
			buildConfigurationList = F3602B6F20112FCC00F9934F /* Build configuration list for PBXNativeTarget "PhotoramaTests" */;
			buildPhases = (
				F3602B5420112FCC00F9934F /* Sources */,
				F3602B5520112FCC00F9934F /* Frameworks */,
				F3602B5620112FCC00F9934F /* Resources */,
			);
			buildRules = (
			);
			dependencies = (
				F3602B5A20112FCC00F9934F /* PBXTargetDependency */,
			);
			name = PhotoramaTests;
			productName = PhotoramaTests;
			productReference = F3602B5820112FCC00F9934F /* PhotoramaTests.xctest */;
			productType = "com.apple.product-type.bundle.unit-test";
		};
		F3602B6220112FCC00F9934F /* PhotoramaUITests */ = {
			isa = PBXNativeTarget;
			buildConfigurationList = F3602B7220112FCC00F9934F /* Build configuration list for PBXNativeTarget "PhotoramaUITests" */;
			buildPhases = (
				F3602B5F20112FCC00F9934F /* Sources */,
				F3602B6020112FCC00F9934F /* Frameworks */,
				F3602B6120112FCC00F9934F /* Resources */,
			);
			buildRules = (
			);
			dependencies = (
				F3602B6520112FCC00F9934F /* PBXTargetDependency */,
			);
			name = PhotoramaUITests;
			productName = PhotoramaUITests;
			productReference = F3602B6320112FCC00F9934F /* PhotoramaUITests.xctest */;
			productType = "com.apple.product-type.bundle.ui-testing";
		};
/* End PBXNativeTarget section */

/* Begin PBXProject section */
		F3602B3C20112FCB00F9934F /* Project object */ = {
			isa = PBXProject;
			attributes = {
				LastSwiftUpdateCheck = 0920;
				LastUpgradeCheck = 0920;
				ORGANIZATIONNAME = krobs;
				TargetAttributes = {
					F3602B4320112FCB00F9934F = {
						CreatedOnToolsVersion = 9.2;
						ProvisioningStyle = Automatic;
					};
					F3602B5720112FCC00F9934F = {
						CreatedOnToolsVersion = 9.2;
						ProvisioningStyle = Automatic;
						TestTargetID = F3602B4320112FCB00F9934F;
					};
					F3602B6220112FCC00F9934F = {
						CreatedOnToolsVersion = 9.2;
						ProvisioningStyle = Automatic;
						TestTargetID = F3602B4320112FCB00F9934F;
					};
				};
			};
			buildConfigurationList = F3602B3F20112FCB00F9934F /* Build configuration list for PBXProject "Photorama" */;
			compatibilityVersion = "Xcode 8.0";
			developmentRegion = en;
			hasScannedForEncodings = 0;
			knownRegions = (
				en,
				Base,
			);
			mainGroup = F3602B3B20112FCB00F9934F;
			productRefGroup = F3602B4520112FCB00F9934F /* Products */;
			projectDirPath = "";
			projectRoot = "";
			targets = (
				F3602B4320112FCB00F9934F /* Photorama */,
				F3602B5720112FCC00F9934F /* PhotoramaTests */,
				F3602B6220112FCC00F9934F /* PhotoramaUITests */,
			);
		};
/* End PBXProject section */

/* Begin PBXResourcesBuildPhase section */
		F3602B4220112FCB00F9934F /* Resources */ = {
			isa = PBXResourcesBuildPhase;
			buildActionMask = 2147483647;
			files = (
				F3602B5220112FCC00F9934F /* LaunchScreen.storyboard in Resources */,
				F3602B4F20112FCC00F9934F /* Assets.xcassets in Resources */,
				F3602B4D20112FCC00F9934F /* Main.storyboard in Resources */,
			);
			runOnlyForDeploymentPostprocessing = 0;
		};
		F3602B5620112FCC00F9934F /* Resources */ = {
			isa = PBXResourcesBuildPhase;
			buildActionMask = 2147483647;
			files = (
			);
			runOnlyForDeploymentPostprocessing = 0;
		};
		F3602B6120112FCC00F9934F /* Resources */ = {
			isa = PBXResourcesBuildPhase;
			buildActionMask = 2147483647;
			files = (
			);
			runOnlyForDeploymentPostprocessing = 0;
		};
/* End PBXResourcesBuildPhase section */

/* Begin PBXSourcesBuildPhase section */
		F3602B4020112FCB00F9934F /* Sources */ = {
			isa = PBXSourcesBuildPhase;
			buildActionMask = 2147483647;
			files = (
				F3602B78201133A900F9934F /* FlickrAPI.swift in Sources */,
				F3602B4820112FCB00F9934F /* AppDelegate.swift in Sources */,
				F3602B7A2011471300F9934F /* PhotoStore.swift in Sources */,
				F3602B8420117D7500F9934F /* ImageStore.swift in Sources */,
				F3602B7E20116ED800F9934F /* PhotoDataSource.swift in Sources */,
				F3602B892011825100F9934F /* Photorama.xcdatamodeld in Sources */,
				F3602B802011715500F9934F /* PhotoCollectionViewCell.swift in Sources */,
				F3602B7620112FEF00F9934F /* PhotosViewController.swift in Sources */,
				F3602B7C201150D700F9934F /* Photo.swift in Sources */,
				F3602B8620117E4C00F9934F /* PhotoInfoViewController.swift in Sources */,
			);
			runOnlyForDeploymentPostprocessing = 0;
		};
		F3602B5420112FCC00F9934F /* Sources */ = {
			isa = PBXSourcesBuildPhase;
			buildActionMask = 2147483647;
			files = (
				F3602B5D20112FCC00F9934F /* PhotoramaTests.swift in Sources */,
			);
			runOnlyForDeploymentPostprocessing = 0;
		};
		F3602B5F20112FCC00F9934F /* Sources */ = {
			isa = PBXSourcesBuildPhase;
			buildActionMask = 2147483647;
			files = (
				F3602B6820112FCC00F9934F /* PhotoramaUITests.swift in Sources */,
			);
			runOnlyForDeploymentPostprocessing = 0;
		};
/* End PBXSourcesBuildPhase section */

/* Begin PBXTargetDependency section */
		F3602B5A20112FCC00F9934F /* PBXTargetDependency */ = {
			isa = PBXTargetDependency;
			target = F3602B4320112FCB00F9934F /* Photorama */;
			targetProxy = F3602B5920112FCC00F9934F /* PBXContainerItemProxy */;
		};
		F3602B6520112FCC00F9934F /* PBXTargetDependency */ = {
			isa = PBXTargetDependency;
			target = F3602B4320112FCB00F9934F /* Photorama */;
			targetProxy = F3602B6420112FCC00F9934F /* PBXContainerItemProxy */;
		};
/* End PBXTargetDependency section */

/* Begin PBXVariantGroup section */
		F3602B4B20112FCC00F9934F /* Main.storyboard */ = {
			isa = PBXVariantGroup;
			children = (
				F3602B4C20112FCC00F9934F /* Base */,
			);
			name = Main.storyboard;
			sourceTree = "<group>";
		};
		F3602B5020112FCC00F9934F /* LaunchScreen.storyboard */ = {
			isa = PBXVariantGroup;
			children = (
				F3602B5120112FCC00F9934F /* Base */,
			);
			name = LaunchScreen.storyboard;
			sourceTree = "<group>";
		};
/* End PBXVariantGroup section */

/* Begin XCBuildConfiguration section */
		F3602B6A20112FCC00F9934F /* Debug */ = {
			isa = XCBuildConfiguration;
			buildSettings = {
				ALWAYS_SEARCH_USER_PATHS = NO;
				CLANG_ANALYZER_NONNULL = YES;
				CLANG_ANALYZER_NUMBER_OBJECT_CONVERSION = YES_AGGRESSIVE;
				CLANG_CXX_LANGUAGE_STANDARD = "gnu++14";
				CLANG_CXX_LIBRARY = "libc++";
				CLANG_ENABLE_MODULES = YES;
				CLANG_ENABLE_OBJC_ARC = YES;
				CLANG_WARN_BLOCK_CAPTURE_AUTORELEASING = YES;
				CLANG_WARN_BOOL_CONVERSION = YES;
				CLANG_WARN_COMMA = YES;
				CLANG_WARN_CONSTANT_CONVERSION = YES;
				CLANG_WARN_DIRECT_OBJC_ISA_USAGE = YES_ERROR;
				CLANG_WARN_DOCUMENTATION_COMMENTS = YES;
				CLANG_WARN_EMPTY_BODY = YES;
				CLANG_WARN_ENUM_CONVERSION = YES;
				CLANG_WARN_INFINITE_RECURSION = YES;
				CLANG_WARN_INT_CONVERSION = YES;
				CLANG_WARN_NON_LITERAL_NULL_CONVERSION = YES;
				CLANG_WARN_OBJC_LITERAL_CONVERSION = YES;
				CLANG_WARN_OBJC_ROOT_CLASS = YES_ERROR;
				CLANG_WARN_RANGE_LOOP_ANALYSIS = YES;
				CLANG_WARN_STRICT_PROTOTYPES = YES;
				CLANG_WARN_SUSPICIOUS_MOVE = YES;
				CLANG_WARN_UNGUARDED_AVAILABILITY = YES_AGGRESSIVE;
				CLANG_WARN_UNREACHABLE_CODE = YES;
				CLANG_WARN__DUPLICATE_METHOD_MATCH = YES;
				CODE_SIGN_IDENTITY = "iPhone Developer";
				COPY_PHASE_STRIP = NO;
				DEBUG_INFORMATION_FORMAT = dwarf;
				ENABLE_STRICT_OBJC_MSGSEND = YES;
				ENABLE_TESTABILITY = YES;
				GCC_C_LANGUAGE_STANDARD = gnu11;
				GCC_DYNAMIC_NO_PIC = NO;
				GCC_NO_COMMON_BLOCKS = YES;
				GCC_OPTIMIZATION_LEVEL = 0;
				GCC_PREPROCESSOR_DEFINITIONS = (
					"DEBUG=1",
					"$(inherited)",
				);
				GCC_WARN_64_TO_32_BIT_CONVERSION = YES;
				GCC_WARN_ABOUT_RETURN_TYPE = YES_ERROR;
				GCC_WARN_UNDECLARED_SELECTOR = YES;
				GCC_WARN_UNINITIALIZED_AUTOS = YES_AGGRESSIVE;
				GCC_WARN_UNUSED_FUNCTION = YES;
				GCC_WARN_UNUSED_VARIABLE = YES;
				IPHONEOS_DEPLOYMENT_TARGET = 11.2;
				MTL_ENABLE_DEBUG_INFO = YES;
				ONLY_ACTIVE_ARCH = YES;
				SDKROOT = iphoneos;
				SWIFT_ACTIVE_COMPILATION_CONDITIONS = DEBUG;
				SWIFT_OPTIMIZATION_LEVEL = "-Onone";
			};
			name = Debug;
		};
		F3602B6B20112FCC00F9934F /* Release */ = {
			isa = XCBuildConfiguration;
			buildSettings = {
				ALWAYS_SEARCH_USER_PATHS = NO;
				CLANG_ANALYZER_NONNULL = YES;
				CLANG_ANALYZER_NUMBER_OBJECT_CONVERSION = YES_AGGRESSIVE;
				CLANG_CXX_LANGUAGE_STANDARD = "gnu++14";
				CLANG_CXX_LIBRARY = "libc++";
				CLANG_ENABLE_MODULES = YES;
				CLANG_ENABLE_OBJC_ARC = YES;
				CLANG_WARN_BLOCK_CAPTURE_AUTORELEASING = YES;
				CLANG_WARN_BOOL_CONVERSION = YES;
				CLANG_WARN_COMMA = YES;
				CLANG_WARN_CONSTANT_CONVERSION = YES;
				CLANG_WARN_DIRECT_OBJC_ISA_USAGE = YES_ERROR;
				CLANG_WARN_DOCUMENTATION_COMMENTS = YES;
				CLANG_WARN_EMPTY_BODY = YES;
				CLANG_WARN_ENUM_CONVERSION = YES;
				CLANG_WARN_INFINITE_RECURSION = YES;
				CLANG_WARN_INT_CONVERSION = YES;
				CLANG_WARN_NON_LITERAL_NULL_CONVERSION = YES;
				CLANG_WARN_OBJC_LITERAL_CONVERSION = YES;
				CLANG_WARN_OBJC_ROOT_CLASS = YES_ERROR;
				CLANG_WARN_RANGE_LOOP_ANALYSIS = YES;
				CLANG_WARN_STRICT_PROTOTYPES = YES;
				CLANG_WARN_SUSPICIOUS_MOVE = YES;
				CLANG_WARN_UNGUARDED_AVAILABILITY = YES_AGGRESSIVE;
				CLANG_WARN_UNREACHABLE_CODE = YES;
				CLANG_WARN__DUPLICATE_METHOD_MATCH = YES;
				CODE_SIGN_IDENTITY = "iPhone Developer";
				COPY_PHASE_STRIP = NO;
				DEBUG_INFORMATION_FORMAT = "dwarf-with-dsym";
				ENABLE_NS_ASSERTIONS = NO;
				ENABLE_STRICT_OBJC_MSGSEND = YES;
				GCC_C_LANGUAGE_STANDARD = gnu11;
				GCC_NO_COMMON_BLOCKS = YES;
				GCC_WARN_64_TO_32_BIT_CONVERSION = YES;
				GCC_WARN_ABOUT_RETURN_TYPE = YES_ERROR;
				GCC_WARN_UNDECLARED_SELECTOR = YES;
				GCC_WARN_UNINITIALIZED_AUTOS = YES_AGGRESSIVE;
				GCC_WARN_UNUSED_FUNCTION = YES;
				GCC_WARN_UNUSED_VARIABLE = YES;
				IPHONEOS_DEPLOYMENT_TARGET = 11.2;
				MTL_ENABLE_DEBUG_INFO = NO;
				SDKROOT = iphoneos;
				SWIFT_OPTIMIZATION_LEVEL = "-Owholemodule";
				VALIDATE_PRODUCT = YES;
			};
			name = Release;
		};
		F3602B6D20112FCC00F9934F /* Debug */ = {
			isa = XCBuildConfiguration;
			buildSettings = {
				ASSETCATALOG_COMPILER_APPICON_NAME = AppIcon;
				CODE_SIGN_STYLE = Automatic;
				INFOPLIST_FILE = Photorama/Info.plist;
				LD_RUNPATH_SEARCH_PATHS = "$(inherited) @executable_path/Frameworks";
				PRODUCT_BUNDLE_IDENTIFIER = me.krobinson.Photorama;
				PRODUCT_NAME = "$(TARGET_NAME)";
				SWIFT_VERSION = 4.0;
				TARGETED_DEVICE_FAMILY = "1,2";
			};
			name = Debug;
		};
		F3602B6E20112FCC00F9934F /* Release */ = {
			isa = XCBuildConfiguration;
			buildSettings = {
				ASSETCATALOG_COMPILER_APPICON_NAME = AppIcon;
				CODE_SIGN_STYLE = Automatic;
				INFOPLIST_FILE = Photorama/Info.plist;
				LD_RUNPATH_SEARCH_PATHS = "$(inherited) @executable_path/Frameworks";
				PRODUCT_BUNDLE_IDENTIFIER = me.krobinson.Photorama;
				PRODUCT_NAME = "$(TARGET_NAME)";
				SWIFT_VERSION = 4.0;
				TARGETED_DEVICE_FAMILY = "1,2";
			};
			name = Release;
		};
		F3602B7020112FCC00F9934F /* Debug */ = {
			isa = XCBuildConfiguration;
			buildSettings = {
				ALWAYS_EMBED_SWIFT_STANDARD_LIBRARIES = YES;
				BUNDLE_LOADER = "$(TEST_HOST)";
				CODE_SIGN_STYLE = Automatic;
				INFOPLIST_FILE = PhotoramaTests/Info.plist;
				LD_RUNPATH_SEARCH_PATHS = "$(inherited) @executable_path/Frameworks @loader_path/Frameworks";
				PRODUCT_BUNDLE_IDENTIFIER = me.krobinson.PhotoramaTests;
				PRODUCT_NAME = "$(TARGET_NAME)";
				SWIFT_VERSION = 4.0;
				TARGETED_DEVICE_FAMILY = "1,2";
				TEST_HOST = "$(BUILT_PRODUCTS_DIR)/Photorama.app/Photorama";
			};
			name = Debug;
		};
		F3602B7120112FCC00F9934F /* Release */ = {
			isa = XCBuildConfiguration;
			buildSettings = {
				ALWAYS_EMBED_SWIFT_STANDARD_LIBRARIES = YES;
				BUNDLE_LOADER = "$(TEST_HOST)";
				CODE_SIGN_STYLE = Automatic;
				INFOPLIST_FILE = PhotoramaTests/Info.plist;
				LD_RUNPATH_SEARCH_PATHS = "$(inherited) @executable_path/Frameworks @loader_path/Frameworks";
				PRODUCT_BUNDLE_IDENTIFIER = me.krobinson.PhotoramaTests;
				PRODUCT_NAME = "$(TARGET_NAME)";
				SWIFT_VERSION = 4.0;
				TARGETED_DEVICE_FAMILY = "1,2";
				TEST_HOST = "$(BUILT_PRODUCTS_DIR)/Photorama.app/Photorama";
			};
			name = Release;
		};
		F3602B7320112FCC00F9934F /* Debug */ = {
			isa = XCBuildConfiguration;
			buildSettings = {
				ALWAYS_EMBED_SWIFT_STANDARD_LIBRARIES = YES;
				CODE_SIGN_STYLE = Automatic;
				INFOPLIST_FILE = PhotoramaUITests/Info.plist;
				LD_RUNPATH_SEARCH_PATHS = "$(inherited) @executable_path/Frameworks @loader_path/Frameworks";
				PRODUCT_BUNDLE_IDENTIFIER = me.krobinson.PhotoramaUITests;
				PRODUCT_NAME = "$(TARGET_NAME)";
				SWIFT_VERSION = 4.0;
				TARGETED_DEVICE_FAMILY = "1,2";
				TEST_TARGET_NAME = Photorama;
			};
			name = Debug;
		};
		F3602B7420112FCC00F9934F /* Release */ = {
			isa = XCBuildConfiguration;
			buildSettings = {
				ALWAYS_EMBED_SWIFT_STANDARD_LIBRARIES = YES;
				CODE_SIGN_STYLE = Automatic;
				INFOPLIST_FILE = PhotoramaUITests/Info.plist;
				LD_RUNPATH_SEARCH_PATHS = "$(inherited) @executable_path/Frameworks @loader_path/Frameworks";
				PRODUCT_BUNDLE_IDENTIFIER = me.krobinson.PhotoramaUITests;
				PRODUCT_NAME = "$(TARGET_NAME)";
				SWIFT_VERSION = 4.0;
				TARGETED_DEVICE_FAMILY = "1,2";
				TEST_TARGET_NAME = Photorama;
			};
			name = Release;
		};
/* End XCBuildConfiguration section */

/* Begin XCConfigurationList section */
		F3602B3F20112FCB00F9934F /* Build configuration list for PBXProject "Photorama" */ = {
			isa = XCConfigurationList;
			buildConfigurations = (
				F3602B6A20112FCC00F9934F /* Debug */,
				F3602B6B20112FCC00F9934F /* Release */,
			);
			defaultConfigurationIsVisible = 0;
			defaultConfigurationName = Release;
		};
		F3602B6C20112FCC00F9934F /* Build configuration list for PBXNativeTarget "Photorama" */ = {
			isa = XCConfigurationList;
			buildConfigurations = (
				F3602B6D20112FCC00F9934F /* Debug */,
				F3602B6E20112FCC00F9934F /* Release */,
			);
			defaultConfigurationIsVisible = 0;
			defaultConfigurationName = Release;
		};
		F3602B6F20112FCC00F9934F /* Build configuration list for PBXNativeTarget "PhotoramaTests" */ = {
			isa = XCConfigurationList;
			buildConfigurations = (
				F3602B7020112FCC00F9934F /* Debug */,
				F3602B7120112FCC00F9934F /* Release */,
			);
			defaultConfigurationIsVisible = 0;
			defaultConfigurationName = Release;
		};
		F3602B7220112FCC00F9934F /* Build configuration list for PBXNativeTarget "PhotoramaUITests" */ = {
			isa = XCConfigurationList;
			buildConfigurations = (
				F3602B7320112FCC00F9934F /* Debug */,
				F3602B7420112FCC00F9934F /* Release */,
			);
			defaultConfigurationIsVisible = 0;
			defaultConfigurationName = Release;
		};
/* End XCConfigurationList section */

/* Begin XCVersionGroup section */
		F3602B872011825100F9934F /* Photorama.xcdatamodeld */ = {
			isa = XCVersionGroup;
			children = (
				F3602B882011825100F9934F /* Photorama.xcdatamodel */,
			);
			currentVersion = F3602B882011825100F9934F /* Photorama.xcdatamodel */;
			path = Photorama.xcdatamodeld;
			sourceTree = "<group>";
			versionGroupType = wrapper.xcdatamodel;
		};
/* End XCVersionGroup section */
	};
	rootObject = F3602B3C20112FCB00F9934F /* Project object */;
}
